# This file is autogenerated, do not edit; changes may be undone by the next 'dep ensure'.


[[projects]]
  branch = "master"
  digest = "1:c896fb23082ca3830b13df3f7e32cf4da86483be01782ffc762afad0ec78deec"
  name = "github.com/JacobMoxham/PartIIProjectImplementation"
  packages = ["middleware"]
  pruneopts = "UT"
  revision = "5e703a24bc4488de5fe6bb69784c0c38ab89d6ba"

[[projects]]
  digest = "1:ec6f9bf5e274c833c911923c9193867f3f18788c461f76f05f62bb1510e0ae65"
  name = "github.com/go-sql-driver/mysql"
  packages = ["."]
  pruneopts = "UT"
  revision = "72cd26f257d44c1114970e19afddcd812016007e"
  version = "v1.4.1"

[[projects]]
  branch = "master"
  digest = "1:36b6a19dd304863ca560e36868d791278ee7b221156f000aa52cbf4144c301c5"
  name = "github.com/joho/sqltocsv"
  packages = ["."]
  pruneopts = "UT"
  revision = "b24deec2b806318a8a3707c8a7bd24a57fc29e74"

[[projects]]
  branch = "master"
  digest = "1:c364e1046df58e7c1731edd337145461011d129bbb876932d9e5bbf105d07888"
  name = "github.com/xwb1989/sqlparser"
  packages = [
    ".",
    "dependency/bytes2",
    "dependency/hack",
    "dependency/querypb",
    "dependency/sqltypes",
  ]
  pruneopts = "UT"
  revision = "120387863bf27d04bc07db8015110a6e96d0146c"

[[projects]]
  digest = "1:c25289f43ac4a68d88b02245742347c94f1e108c534dda442188015ff80669b3"
  name = "google.golang.org/appengine"
  packages = ["cloudsql"]
  pruneopts = "UT"
  revision = "e9657d882bb81064595ca3b56cbe2546bbabf7b1"
  version = "v1.4.0"

[solve-meta]
  analyzer-name = "dep"
  analyzer-version = 1
  input-imports = [
    "github.com/JacobMoxham/PartIIProjectImplementation/middleware",
    "github.com/joho/sqltocsv",
  ]
  solver-name = "gps-cdcl"
  solver-version = 1
