# This file is autogenerated, do not edit; changes may be undone by the next 'dep ensure'.


[[projects]]
  branch = "master"
  digest = "1:6fa400f33749eea5f601be976a0b7d7c5552262c2b6f0cee3984945baf66ce3a"
  name = "github.com/JacobMoxham/PartIIProjectImplementation"
  packages = [
    "image_recognition",
    "middleware",
  ]
  pruneopts = "UT"
  revision = "3942742a2de32bddd8c60f5577eb1b911f264b19"

[[projects]]
  digest = "1:ec6f9bf5e274c833c911923c9193867f3f18788c461f76f05f62bb1510e0ae65"
  name = "github.com/go-sql-driver/mysql"
  packages = ["."]
  pruneopts = "UT"
  revision = "72cd26f257d44c1114970e19afddcd812016007e"
  version = "v1.4.1"

[[projects]]
  digest = "1:125aa07b364dc440ebebc8f93a7120c2b309781e53d6cfda543db8bc61a9e858"
  name = "github.com/tcnksm/go-httpstat"
  packages = ["."]
  pruneopts = "UT"
  revision = "ae0d799e7ee65d3dc46d7272368daa830aef6c5a"
  version = "v0.2.0"

[[projects]]
  digest = "1:18a2def5951251765e34ea9f2106b010e2a9941146cc949cfdc4abcf0d288745"
  name = "github.com/tensorflow/tensorflow"
  packages = [
    "tensorflow/go",
    "tensorflow/go/op",
  ]
  pruneopts = "UT"
  revision = "14523a55c81b5f92e6f732edca18cdb85fda2b0c"
  version = "v1.13.0"

[[projects]]
  branch = "master"
  digest = "1:c364e1046df58e7c1731edd337145461011d129bbb876932d9e5bbf105d07888"
  name = "github.com/xwb1989/sqlparser"
  packages = [
    ".",
    "dependency/bytes2",
    "dependency/hack",
    "dependency/querypb",
    "dependency/sqltypes",
  ]
  pruneopts = "UT"
  revision = "120387863bf27d04bc07db8015110a6e96d0146c"

[[projects]]
  digest = "1:c25289f43ac4a68d88b02245742347c94f1e108c534dda442188015ff80669b3"
  name = "google.golang.org/appengine"
  packages = ["cloudsql"]
  pruneopts = "UT"
  revision = "e9657d882bb81064595ca3b56cbe2546bbabf7b1"
  version = "v1.4.0"

[solve-meta]
  analyzer-name = "dep"
  analyzer-version = 1
  input-imports = [
    "github.com/JacobMoxham/PartIIProjectImplementation/image_recognition",
    "github.com/JacobMoxham/PartIIProjectImplementation/middleware",
    "github.com/tcnksm/go-httpstat",
  ]
  solver-name = "gps-cdcl"
  solver-version = 1
