# This file is autogenerated, do not edit; changes may be undone by the next 'dep ensure'.


[[projects]]
  branch = "master"
  digest = "1:4ac6db9687b836e8dfca6f29dcb993aa950fa46c5fcaf8717e7f3cbcc2fe7728"
  name = "github.com/JacobMoxham/PartIIProjectImplementation"
  packages = ["middleware"]
  pruneopts = "UT"
  revision = "14224aa520e9e0732e05867f8b71327c54e30267"

[[projects]]
  digest = "1:ec6f9bf5e274c833c911923c9193867f3f18788c461f76f05f62bb1510e0ae65"
  name = "github.com/go-sql-driver/mysql"
  packages = ["."]
  pruneopts = "UT"
  revision = "72cd26f257d44c1114970e19afddcd812016007e"
  version = "v1.4.1"

[[projects]]
  branch = "master"
  digest = "1:7f08735b6e4cdc546726ce8730ae11620f5854c238892c5b8840f7457429df18"
  name = "github.com/joho/sqltocsv"
  packages = ["."]
  pruneopts = "UT"
  revision = "a9e6f980056c37e540a633db0b9569ca3809d089"

[[projects]]
  branch = "master"
  digest = "1:c364e1046df58e7c1731edd337145461011d129bbb876932d9e5bbf105d07888"
  name = "github.com/xwb1989/sqlparser"
  packages = [
    ".",
    "dependency/bytes2",
    "dependency/hack",
    "dependency/querypb",
    "dependency/sqltypes",
  ]
  pruneopts = "UT"
  revision = "120387863bf27d04bc07db8015110a6e96d0146c"

[[projects]]
  digest = "1:c25289f43ac4a68d88b02245742347c94f1e108c534dda442188015ff80669b3"
  name = "google.golang.org/appengine"
  packages = ["cloudsql"]
  pruneopts = "UT"
  revision = "54a98f90d1c46b7731eb8fb305d2a321c30ef610"
  version = "v1.5.0"

[solve-meta]
  analyzer-name = "dep"
  analyzer-version = 1
  input-imports = [
    "github.com/JacobMoxham/PartIIProjectImplementation/middleware",
    "github.com/joho/sqltocsv",
  ]
  solver-name = "gps-cdcl"
  solver-version = 1
